
Microsoft Visual Studio Solution File, Format Version 12.00
# Visual Studio Version 16
VisualStudioVersion = 16.0.29613.14
MinimumVisualStudioVersion = 10.0.40219.1
Project("{FAE04EC0-301F-11D3-BF4B-00C04F79EFBC}") = "Proyecto DataGridView - Control", "Proyecto DataGridView - Control.csproj", "{E1130D3E-8980-43DC-990F-0D2B3958A3EE}"
EndProject
Global
	GlobalSection(SolutionConfigurationPlatforms) = preSolution
		Debug|Any CPU = Debug|Any CPU
		Release|Any CPU = Release|Any CPU
	EndGlobalSection
	GlobalSection(ProjectConfigurationPlatforms) = postSolution
		{E1130D3E-8980-43DC-990F-0D2B3958A3EE}.Debug|Any CPU.ActiveCfg = Debug|Any CPU
		{E1130D3E-8980-43DC-990F-0D2B3958A3EE}.Debug|Any CPU.Build.0 = Debug|Any CPU
		{E1130D3E-8980-43DC-990F-0D2B3958A3EE}.Release|Any CPU.ActiveCfg = Release|Any CPU
		{E1130D3E-8980-43DC-990F-0D2B3958A3EE}.Release|Any CPU.Build.0 = Release|Any CPU
	EndGlobalSection
	GlobalSection(SolutionProperties) = preSolution
		HideSolutionNode = FALSE
	EndGlobalSection
	GlobalSection(ExtensibilityGlobals) = postSolution
		SolutionGuid = {143E6AAF-E0B8-4AED-B3F9-713781376C41}
	EndGlobalSection
EndGlobal
